
Microsoft Visual Studio Solution File, Format Version 12.00
# Visual Studio Version 17
VisualStudioVersion = 17.2.32630.192
MinimumVisualStudioVersion = 10.0.40219.1
Project("{FAE04EC0-301F-11D3-BF4B-00C04F79EFBC}") = "PreviewMaker", "PreviewMaker\PreviewMaker.csproj", "{72850B12-95E7-41FF-8637-3FF9C6745C36}"
EndProject
Global
	GlobalSection(SolutionConfigurationPlatforms) = preSolution
		Debug|Any CPU = Debug|Any CPU
		Release|Any CPU = Release|Any CPU
	EndGlobalSection
	GlobalSection(ProjectConfigurationPlatforms) = postSolution
		{72850B12-95E7-41FF-8637-3FF9C6745C36}.Debug|Any CPU.ActiveCfg = Debug|Any CPU
		{72850B12-95E7-41FF-8637-3FF9C6745C36}.Debug|Any CPU.Build.0 = Debug|Any CPU
		{72850B12-95E7-41FF-8637-3FF9C6745C36}.Release|Any CPU.ActiveCfg = Release|Any CPU
		{72850B12-95E7-41FF-8637-3FF9C6745C36}.Release|Any CPU.Build.0 = Release|Any CPU
	EndGlobalSection
	GlobalSection(SolutionProperties) = preSolution
		HideSolutionNode = FALSE
	EndGlobalSection
	GlobalSection(ExtensibilityGlobals) = postSolution
		SolutionGuid = {A66E52D9-C739-4F95-870A-0C7185D7E468}
	EndGlobalSection
EndGlobal
